
Microsoft Visual Studio Solution File, Format Version 12.00
# Visual Studio Version 16
VisualStudioVersion = 16.0.30803.129
MinimumVisualStudioVersion = 10.0.40219.1
Project("{9A19103F-16F7-4668-BE54-9A1E7A4F7556}") = "MicrosoftDataSqlite", "MicrosoftDataSqlite\MicrosoftDataSqlite.csproj", "{05D7B11E-8A5C-4D00-937C-143D8E9F16C0}"
EndProject
Project("{9A19103F-16F7-4668-BE54-9A1E7A4F7556}") = "SystemDataSqlite", "SystemDataSqlite\SystemDataSqlite.csproj", "{7F7BDFD5-0FB7-4C95-BAD8-25C9FBEBC5A5}"
EndProject
Project("{9A19103F-16F7-4668-BE54-9A1E7A4F7556}") = "DapperMicrosoftDataSqlite", "DapperMicrosoftDataSqlite\DapperMicrosoftDataSqlite.csproj", "{D265DA8B-3BE1-4420-91E8-AAECF047D2A5}"
EndProject
Project("{9A19103F-16F7-4668-BE54-9A1E7A4F7556}") = "Shared", "Shared\Shared.csproj", "{4833C843-D88E-4643-B636-64F21BA3F538}"
EndProject
Project("{9A19103F-16F7-4668-BE54-9A1E7A4F7556}") = "ConsoleUI", "ConsoleUI\ConsoleUI.csproj", "{C6FEC1DC-F79E-4DF3-8CF8-65A8EF473255}"
EndProject
Project("{FAE04EC0-301F-11D3-BF4B-00C04F79EFBC}") = "MicrosoftEntitiyFrameworkCoreSqlite", "MicrosoftEntitiyFrameworkCoreSqlite\MicrosoftEntitiyFrameworkCoreSqlite.csproj", "{150AC5AE-A95D-48DE-990D-F2E26D2E7237}"
EndProject
Global
	GlobalSection(SolutionConfigurationPlatforms) = preSolution
		Debug|Any CPU = Debug|Any CPU
		Release|Any CPU = Release|Any CPU
	EndGlobalSection
	GlobalSection(ProjectConfigurationPlatforms) = postSolution
		{05D7B11E-8A5C-4D00-937C-143D8E9F16C0}.Debug|Any CPU.ActiveCfg = Debug|Any CPU
		{05D7B11E-8A5C-4D00-937C-143D8E9F16C0}.Debug|Any CPU.Build.0 = Debug|Any CPU
		{05D7B11E-8A5C-4D00-937C-143D8E9F16C0}.Release|Any CPU.ActiveCfg = Release|Any CPU
		{05D7B11E-8A5C-4D00-937C-143D8E9F16C0}.Release|Any CPU.Build.0 = Release|Any CPU
		{7F7BDFD5-0FB7-4C95-BAD8-25C9FBEBC5A5}.Debug|Any CPU.ActiveCfg = Debug|Any CPU
		{7F7BDFD5-0FB7-4C95-BAD8-25C9FBEBC5A5}.Debug|Any CPU.Build.0 = Debug|Any CPU
		{7F7BDFD5-0FB7-4C95-BAD8-25C9FBEBC5A5}.Release|Any CPU.ActiveCfg = Release|Any CPU
		{7F7BDFD5-0FB7-4C95-BAD8-25C9FBEBC5A5}.Release|Any CPU.Build.0 = Release|Any CPU
		{D265DA8B-3BE1-4420-91E8-AAECF047D2A5}.Debug|Any CPU.ActiveCfg = Debug|Any CPU
		{D265DA8B-3BE1-4420-91E8-AAECF047D2A5}.Debug|Any CPU.Build.0 = Debug|Any CPU
		{D265DA8B-3BE1-4420-91E8-AAECF047D2A5}.Release|Any CPU.ActiveCfg = Release|Any CPU
		{D265DA8B-3BE1-4420-91E8-AAECF047D2A5}.Release|Any CPU.Build.0 = Release|Any CPU
		{4833C843-D88E-4643-B636-64F21BA3F538}.Debug|Any CPU.ActiveCfg = Debug|Any CPU
		{4833C843-D88E-4643-B636-64F21BA3F538}.Debug|Any CPU.Build.0 = Debug|Any CPU
		{4833C843-D88E-4643-B636-64F21BA3F538}.Release|Any CPU.ActiveCfg = Release|Any CPU
		{4833C843-D88E-4643-B636-64F21BA3F538}.Release|Any CPU.Build.0 = Release|Any CPU
		{C6FEC1DC-F79E-4DF3-8CF8-65A8EF473255}.Debug|Any CPU.ActiveCfg = Debug|Any CPU
		{C6FEC1DC-F79E-4DF3-8CF8-65A8EF473255}.Debug|Any CPU.Build.0 = Debug|Any CPU
		{C6FEC1DC-F79E-4DF3-8CF8-65A8EF473255}.Release|Any CPU.ActiveCfg = Release|Any CPU
		{C6FEC1DC-F79E-4DF3-8CF8-65A8EF473255}.Release|Any CPU.Build.0 = Release|Any CPU
		{150AC5AE-A95D-48DE-990D-F2E26D2E7237}.Debug|Any CPU.ActiveCfg = Debug|Any CPU
		{150AC5AE-A95D-48DE-990D-F2E26D2E7237}.Debug|Any CPU.Build.0 = Debug|Any CPU
		{150AC5AE-A95D-48DE-990D-F2E26D2E7237}.Release|Any CPU.ActiveCfg = Release|Any CPU
		{150AC5AE-A95D-48DE-990D-F2E26D2E7237}.Release|Any CPU.Build.0 = Release|Any CPU
	EndGlobalSection
	GlobalSection(SolutionProperties) = preSolution
		HideSolutionNode = FALSE
	EndGlobalSection
	GlobalSection(ExtensibilityGlobals) = postSolution
		SolutionGuid = {9B8B3B64-F020-456A-897F-2CDBBBD0B3D8}
	EndGlobalSection
EndGlobal
